// !$*UTF8*$!
{
	archiveVersion = 1;
	classes = {
	};
	objectVersion = 56;
	objects = {

/* Begin PBXBuildFile section */
		B8B6FE1C295EC482001458D8 /* ModernApp.swift in Sources */ = {isa = PBXBuildFile; fileRef = B8B6FE1B295EC482001458D8 /* ModernApp.swift */; };
		B8B6FE1E295EC482001458D8 /* ContentView.swift in Sources */ = {isa = PBXBuildFile; fileRef = B8B6FE1D295EC482001458D8 /* ContentView.swift */; };
		B8B6FE20295EC483001458D8 /* Assets.xcassets in Resources */ = {isa = PBXBuildFile; fileRef = B8B6FE1F295EC483001458D8 /* Assets.xcassets */; };
		B8B6FE23295EC483001458D8 /* Preview Assets.xcassets in Resources */ = {isa = PBXBuildFile; fileRef = B8B6FE22295EC483001458D8 /* Preview Assets.xcassets */; };
		B8B6FE2D295EC483001458D8 /* ModernTests.swift in Sources */ = {isa = PBXBuildFile; fileRef = B8B6FE2C295EC483001458D8 /* ModernTests.swift */; };
		B8B6FE37295EC483001458D8 /* ModernUITests.swift in Sources */ = {isa = PBXBuildFile; fileRef = B8B6FE36295EC483001458D8 /* ModernUITests.swift */; };
		B8B6FE39295EC483001458D8 /* ModernUITestsLaunchTests.swift in Sources */ = {isa = PBXBuildFile; fileRef = B8B6FE38295EC483001458D8 /* ModernUITestsLaunchTests.swift */; };
/* End PBXBuildFile section */

/* Begin PBXContainerItemProxy section */
		B8B6FE29295EC483001458D8 /* PBXContainerItemProxy */ = {
			isa = PBXContainerItemProxy;
			containerPortal = B8B6FE10295EC482001458D8 /* Project object */;
			proxyType = 1;
			remoteGlobalIDString = B8B6FE17295EC482001458D8;
			remoteInfo = Modern;
		};
		B8B6FE33295EC483001458D8 /* PBXContainerItemProxy */ = {
			isa = PBXContainerItemProxy;
			containerPortal = B8B6FE10295EC482001458D8 /* Project object */;
			proxyType = 1;
			remoteGlobalIDString = B8B6FE17295EC482001458D8;
			remoteInfo = Modern;
		};
/* End PBXContainerItemProxy section */

/* Begin PBXFileReference section */
		B8B6FE18295EC482001458D8 /* Modern.app */ = {isa = PBXFileReference; explicitFileType = wrapper.application; includeInIndex = 0; path = Modern.app; sourceTree = BUILT_PRODUCTS_DIR; };
		B8B6FE1B295EC482001458D8 /* ModernApp.swift */ = {isa = PBXFileReference; lastKnownFileType = sourcecode.swift; path = ModernApp.swift; sourceTree = "<group>"; };
		B8B6FE1D295EC482001458D8 /* ContentView.swift */ = {isa = PBXFileReference; lastKnownFileType = sourcecode.swift; path = ContentView.swift; sourceTree = "<group>"; };
		B8B6FE1F295EC483001458D8 /* Assets.xcassets */ = {isa = PBXFileReference; lastKnownFileType = folder.assetcatalog; path = Assets.xcassets; sourceTree = "<group>"; };
		B8B6FE22295EC483001458D8 /* Preview Assets.xcassets */ = {isa = PBXFileReference; lastKnownFileType = folder.assetcatalog; path = "Preview Assets.xcassets"; sourceTree = "<group>"; };
		B8B6FE28295EC483001458D8 /* ModernTests.xctest */ = {isa = PBXFileReference; explicitFileType = wrapper.cfbundle; includeInIndex = 0; path = ModernTests.xctest; sourceTree = BUILT_PRODUCTS_DIR; };
		B8B6FE2C295EC483001458D8 /* ModernTests.swift */ = {isa = PBXFileReference; lastKnownFileType = sourcecode.swift; path = ModernTests.swift; sourceTree = "<group>"; };
		B8B6FE32295EC483001458D8 /* ModernUITests.xctest */ = {isa = PBXFileReference; explicitFileType = wrapper.cfbundle; includeInIndex = 0; path = ModernUITests.xctest; sourceTree = BUILT_PRODUCTS_DIR; };
		B8B6FE36295EC483001458D8 /* ModernUITests.swift */ = {isa = PBXFileReference; lastKnownFileType = sourcecode.swift; path = ModernUITests.swift; sourceTree = "<group>"; };
		B8B6FE38295EC483001458D8 /* ModernUITestsLaunchTests.swift */ = {isa = PBXFileReference; lastKnownFileType = sourcecode.swift; path = ModernUITestsLaunchTests.swift; sourceTree = "<group>"; };
/* End PBXFileReference section */

/* Begin PBXFrameworksBuildPhase section */
		B8B6FE15295EC482001458D8 /* Frameworks */ = {
			isa = PBXFrameworksBuildPhase;
			buildActionMask = 2147483647;
			files = (
			);
			runOnlyForDeploymentPostprocessing = 0;
		};
		B8B6FE25295EC483001458D8 /* Frameworks */ = {
			isa = PBXFrameworksBuildPhase;
			buildActionMask = 2147483647;
			files = (
			);
			runOnlyForDeploymentPostprocessing = 0;
		};
		B8B6FE2F295EC483001458D8 /* Frameworks */ = {
			isa = PBXFrameworksBuildPhase;
			buildActionMask = 2147483647;
			files = (
			);
			runOnlyForDeploymentPostprocessing = 0;
		};
/* End PBXFrameworksBuildPhase section */

/* Begin PBXGroup section */
		B8B6FE0F295EC482001458D8 = {
			isa = PBXGroup;
			children = (
				B8B6FE1A295EC482001458D8 /* Modern */,
				B8B6FE2B295EC483001458D8 /* ModernTests */,
				B8B6FE35295EC483001458D8 /* ModernUITests */,
				B8B6FE19295EC482001458D8 /* Products */,
			);
			sourceTree = "<group>";
		};
		B8B6FE19295EC482001458D8 /* Products */ = {
			isa = PBXGroup;
			children = (
				B8B6FE18295EC482001458D8 /* Modern.app */,
				B8B6FE28295EC483001458D8 /* ModernTests.xctest */,
				B8B6FE32295EC483001458D8 /* ModernUITests.xctest */,
			);
			name = Products;
			sourceTree = "<group>";
		};
		B8B6FE1A295EC482001458D8 /* Modern */ = {
			isa = PBXGroup;
			children = (
				B8B6FE1B295EC482001458D8 /* ModernApp.swift */,
				B8B6FE1D295EC482001458D8 /* ContentView.swift */,
				B8B6FE1F295EC483001458D8 /* Assets.xcassets */,
				B8B6FE21295EC483001458D8 /* Preview Content */,
			);
			path = Modern;
			sourceTree = "<group>";
		};
		B8B6FE21295EC483001458D8 /* Preview Content */ = {
			isa = PBXGroup;
			children = (
				B8B6FE22295EC483001458D8 /* Preview Assets.xcassets */,
			);
			path = "Preview Content";
			sourceTree = "<group>";
		};
		B8B6FE2B295EC483001458D8 /* ModernTests */ = {
			isa = PBXGroup;
			children = (
				B8B6FE2C295EC483001458D8 /* ModernTests.swift */,
			);
			path = ModernTests;
			sourceTree = "<group>";
		};
		B8B6FE35295EC483001458D8 /* ModernUITests */ = {
			isa = PBXGroup;
			children = (
				B8B6FE36295EC483001458D8 /* ModernUITests.swift */,
				B8B6FE38295EC483001458D8 /* ModernUITestsLaunchTests.swift */,
			);
			path = ModernUITests;
			sourceTree = "<group>";
		};
/* End PBXGroup section */

/* Begin PBXNativeTarget section */
		B8B6FE17295EC482001458D8 /* Modern */ = {
			isa = PBXNativeTarget;
			buildConfigurationList = B8B6FE3C295EC483001458D8 /* Build configuration list for PBXNativeTarget "Modern" */;
			buildPhases = (
				B8B6FE14295EC482001458D8 /* Sources */,
				B8B6FE15295EC482001458D8 /* Frameworks */,
				B8B6FE16295EC482001458D8 /* Resources */,
			);
			buildRules = (
			);
			dependencies = (
			);
			name = Modern;
			productName = Modern;
			productReference = B8B6FE18295EC482001458D8 /* Modern.app */;
			productType = "com.apple.product-type.application";
		};
		B8B6FE27295EC483001458D8 /* ModernTests */ = {
			isa = PBXNativeTarget;
			buildConfigurationList = B8B6FE3F295EC483001458D8 /* Build configuration list for PBXNativeTarget "ModernTests" */;
			buildPhases = (
				B8B6FE24295EC483001458D8 /* Sources */,
				B8B6FE25295EC483001458D8 /* Frameworks */,
				B8B6FE26295EC483001458D8 /* Resources */,
			);
			buildRules = (
			);
			dependencies = (
				B8B6FE2A295EC483001458D8 /* PBXTargetDependency */,
			);
			name = ModernTests;
			productName = ModernTests;
			productReference = B8B6FE28295EC483001458D8 /* ModernTests.xctest */;
			productType = "com.apple.product-type.bundle.unit-test";
		};
		B8B6FE31295EC483001458D8 /* ModernUITests */ = {
			isa = PBXNativeTarget;
			buildConfigurationList = B8B6FE42295EC483001458D8 /* Build configuration list for PBXNativeTarget "ModernUITests" */;
			buildPhases = (
				B8B6FE2E295EC483001458D8 /* Sources */,
				B8B6FE2F295EC483001458D8 /* Frameworks */,
				B8B6FE30295EC483001458D8 /* Resources */,
			);
			buildRules = (
			);
			dependencies = (
				B8B6FE34295EC483001458D8 /* PBXTargetDependency */,
			);
			name = ModernUITests;
			productName = ModernUITests;
			productReference = B8B6FE32295EC483001458D8 /* ModernUITests.xctest */;
			productType = "com.apple.product-type.bundle.ui-testing";
		};
/* End PBXNativeTarget section */

/* Begin PBXProject section */
		B8B6FE10295EC482001458D8 /* Project object */ = {
			isa = PBXProject;
			attributes = {
				BuildIndependentTargetsInParallel = 1;
				LastSwiftUpdateCheck = 1420;
				LastUpgradeCheck = 1420;
				TargetAttributes = {
					B8B6FE17295EC482001458D8 = {
						CreatedOnToolsVersion = 14.2;
					};
					B8B6FE27295EC483001458D8 = {
						CreatedOnToolsVersion = 14.2;
						TestTargetID = B8B6FE17295EC482001458D8;
					};
					B8B6FE31295EC483001458D8 = {
						CreatedOnToolsVersion = 14.2;
						TestTargetID = B8B6FE17295EC482001458D8;
					};
				};
			};
			buildConfigurationList = B8B6FE13295EC482001458D8 /* Build configuration list for PBXProject "Modern" */;
			compatibilityVersion = "Xcode 14.0";
			developmentRegion = en;
			hasScannedForEncodings = 0;
			knownRegions = (
				en,
				Base,
			);
			mainGroup = B8B6FE0F295EC482001458D8;
			productRefGroup = B8B6FE19295EC482001458D8 /* Products */;
			projectDirPath = "";
			projectRoot = "";
			targets = (
				B8B6FE17295EC482001458D8 /* Modern */,
				B8B6FE27295EC483001458D8 /* ModernTests */,
				B8B6FE31295EC483001458D8 /* ModernUITests */,
			);
		};
/* End PBXProject section */

/* Begin PBXResourcesBuildPhase section */
		B8B6FE16295EC482001458D8 /* Resources */ = {
			isa = PBXResourcesBuildPhase;
			buildActionMask = 2147483647;
			files = (
				B8B6FE23295EC483001458D8 /* Preview Assets.xcassets in Resources */,
				B8B6FE20295EC483001458D8 /* Assets.xcassets in Resources */,
			);
			runOnlyForDeploymentPostprocessing = 0;
		};
		B8B6FE26295EC483001458D8 /* Resources */ = {
			isa = PBXResourcesBuildPhase;
			buildActionMask = 2147483647;
			files = (
			);
			runOnlyForDeploymentPostprocessing = 0;
		};
		B8B6FE30295EC483001458D8 /* Resources */ = {
			isa = PBXResourcesBuildPhase;
			buildActionMask = 2147483647;
			files = (
			);
			runOnlyForDeploymentPostprocessing = 0;
		};
/* End PBXResourcesBuildPhase section */

/* Begin PBXSourcesBuildPhase section */
		B8B6FE14295EC482001458D8 /* Sources */ = {
			isa = PBXSourcesBuildPhase;
			buildActionMask = 2147483647;
			files = (
				B8B6FE1E295EC482001458D8 /* ContentView.swift in Sources */,
				B8B6FE1C295EC482001458D8 /* ModernApp.swift in Sources */,
			);
			runOnlyForDeploymentPostprocessing = 0;
		};
		B8B6FE24295EC483001458D8 /* Sources */ = {
			isa = PBXSourcesBuildPhase;
			buildActionMask = 2147483647;
			files = (
				B8B6FE2D295EC483001458D8 /* ModernTests.swift in Sources */,
			);
			runOnlyForDeploymentPostprocessing = 0;
		};
		B8B6FE2E295EC483001458D8 /* Sources */ = {
			isa = PBXSourcesBuildPhase;
			buildActionMask = 2147483647;
			files = (
				B8B6FE37295EC483001458D8 /* ModernUITests.swift in Sources */,
				B8B6FE39295EC483001458D8 /* ModernUITestsLaunchTests.swift in Sources */,
			);
			runOnlyForDeploymentPostprocessing = 0;
		};
/* End PBXSourcesBuildPhase section */

/* Begin PBXTargetDependency section */
		B8B6FE2A295EC483001458D8 /* PBXTargetDependency */ = {
			isa = PBXTargetDependency;
			target = B8B6FE17295EC482001458D8 /* Modern */;
			targetProxy = B8B6FE29295EC483001458D8 /* PBXContainerItemProxy */;
		};
		B8B6FE34295EC483001458D8 /* PBXTargetDependency */ = {
			isa = PBXTargetDependency;
			target = B8B6FE17295EC482001458D8 /* Modern */;
			targetProxy = B8B6FE33295EC483001458D8 /* PBXContainerItemProxy */;
		};
/* End PBXTargetDependency section */

/* Begin XCBuildConfiguration section */
		B8B6FE3A295EC483001458D8 /* Debug */ = {
			isa = XCBuildConfiguration;
			buildSettings = {
				ALWAYS_SEARCH_USER_PATHS = NO;
				CLANG_ANALYZER_NONNULL = YES;
				CLANG_ANALYZER_NUMBER_OBJECT_CONVERSION = YES_AGGRESSIVE;
				CLANG_CXX_LANGUAGE_STANDARD = "gnu++20";
				CLANG_ENABLE_MODULES = YES;
				CLANG_ENABLE_OBJC_ARC = YES;
				CLANG_ENABLE_OBJC_WEAK = YES;
				CLANG_WARN_BLOCK_CAPTURE_AUTORELEASING = YES;
				CLANG_WARN_BOOL_CONVERSION = YES;
				CLANG_WARN_COMMA = YES;
				CLANG_WARN_CONSTANT_CONVERSION = YES;
				CLANG_WARN_DEPRECATED_OBJC_IMPLEMENTATIONS = YES;
				CLANG_WARN_DIRECT_OBJC_ISA_USAGE = YES_ERROR;
				CLANG_WARN_DOCUMENTATION_COMMENTS = YES;
				CLANG_WARN_EMPTY_BODY = YES;
				CLANG_WARN_ENUM_CONVERSION = YES;
				CLANG_WARN_INFINITE_RECURSION = YES;
				CLANG_WARN_INT_CONVERSION = YES;
				CLANG_WARN_NON_LITERAL_NULL_CONVERSION = YES;
				CLANG_WARN_OBJC_IMPLICIT_RETAIN_SELF = YES;
				CLANG_WARN_OBJC_LITERAL_CONVERSION = YES;
				CLANG_WARN_OBJC_ROOT_CLASS = YES_ERROR;
				CLANG_WARN_QUOTED_INCLUDE_IN_FRAMEWORK_HEADER = YES;
				CLANG_WARN_RANGE_LOOP_ANALYSIS = YES;
				CLANG_WARN_STRICT_PROTOTYPES = YES;
				CLANG_WARN_SUSPICIOUS_MOVE = YES;
				CLANG_WARN_UNGUARDED_AVAILABILITY = YES_AGGRESSIVE;
				CLANG_WARN_UNREACHABLE_CODE = YES;
				CLANG_WARN__DUPLICATE_METHOD_MATCH = YES;
				COPY_PHASE_STRIP = NO;
				DEBUG_INFORMATION_FORMAT = dwarf;
				ENABLE_STRICT_OBJC_MSGSEND = YES;
				ENABLE_TESTABILITY = YES;
				GCC_C_LANGUAGE_STANDARD = gnu11;
				GCC_DYNAMIC_NO_PIC = NO;
				GCC_NO_COMMON_BLOCKS = YES;
				GCC_OPTIMIZATION_LEVEL = 0;
				GCC_PREPROCESSOR_DEFINITIONS = (
					"DEBUG=1",
					"$(inherited)",
				);
				GCC_WARN_64_TO_32_BIT_CONVERSION = YES;
				GCC_WARN_ABOUT_RETURN_TYPE = YES_ERROR;
				GCC_WARN_UNDECLARED_SELECTOR = YES;
				GCC_WARN_UNINITIALIZED_AUTOS = YES_AGGRESSIVE;
				GCC_WARN_UNUSED_FUNCTION = YES;
				GCC_WARN_UNUSED_VARIABLE = YES;
				IPHONEOS_DEPLOYMENT_TARGET = 16.2;
				MTL_ENABLE_DEBUG_INFO = INCLUDE_SOURCE;
				MTL_FAST_MATH = YES;
				ONLY_ACTIVE_ARCH = YES;
				SDKROOT = iphoneos;
				SWIFT_ACTIVE_COMPILATION_CONDITIONS = DEBUG;
				SWIFT_OPTIMIZATION_LEVEL = "-Onone";
			};
			name = Debug;
		};
		B8B6FE3B295EC483001458D8 /* Release */ = {
			isa = XCBuildConfiguration;
			buildSettings = {
				ALWAYS_SEARCH_USER_PATHS = NO;
				CLANG_ANALYZER_NONNULL = YES;
				CLANG_ANALYZER_NUMBER_OBJECT_CONVERSION = YES_AGGRESSIVE;
				CLANG_CXX_LANGUAGE_STANDARD = "gnu++20";
				CLANG_ENABLE_MODULES = YES;
				CLANG_ENABLE_OBJC_ARC = YES;
				CLANG_ENABLE_OBJC_WEAK = YES;
				CLANG_WARN_BLOCK_CAPTURE_AUTORELEASING = YES;
				CLANG_WARN_BOOL_CONVERSION = YES;
				CLANG_WARN_COMMA = YES;
				CLANG_WARN_CONSTANT_CONVERSION = YES;
				CLANG_WARN_DEPRECATED_OBJC_IMPLEMENTATIONS = YES;
				CLANG_WARN_DIRECT_OBJC_ISA_USAGE = YES_ERROR;
				CLANG_WARN_DOCUMENTATION_COMMENTS = YES;
				CLANG_WARN_EMPTY_BODY = YES;
				CLANG_WARN_ENUM_CONVERSION = YES;
				CLANG_WARN_INFINITE_RECURSION = YES;
				CLANG_WARN_INT_CONVERSION = YES;
				CLANG_WARN_NON_LITERAL_NULL_CONVERSION = YES;
				CLANG_WARN_OBJC_IMPLICIT_RETAIN_SELF = YES;
				CLANG_WARN_OBJC_LITERAL_CONVERSION = YES;
				CLANG_WARN_OBJC_ROOT_CLASS = YES_ERROR;
				CLANG_WARN_QUOTED_INCLUDE_IN_FRAMEWORK_HEADER = YES;
				CLANG_WARN_RANGE_LOOP_ANALYSIS = YES;
				CLANG_WARN_STRICT_PROTOTYPES = YES;
				CLANG_WARN_SUSPICIOUS_MOVE = YES;
				CLANG_WARN_UNGUARDED_AVAILABILITY = YES_AGGRESSIVE;
				CLANG_WARN_UNREACHABLE_CODE = YES;
				CLANG_WARN__DUPLICATE_METHOD_MATCH = YES;
				COPY_PHASE_STRIP = NO;
				DEBUG_INFORMATION_FORMAT = "dwarf-with-dsym";
				ENABLE_NS_ASSERTIONS = NO;
				ENABLE_STRICT_OBJC_MSGSEND = YES;
				GCC_C_LANGUAGE_STANDARD = gnu11;
				GCC_NO_COMMON_BLOCKS = YES;
				GCC_WARN_64_TO_32_BIT_CONVERSION = YES;
				GCC_WARN_ABOUT_RETURN_TYPE = YES_ERROR;
				GCC_WARN_UNDECLARED_SELECTOR = YES;
				GCC_WARN_UNINITIALIZED_AUTOS = YES_AGGRESSIVE;
				GCC_WARN_UNUSED_FUNCTION = YES;
				GCC_WARN_UNUSED_VARIABLE = YES;
				IPHONEOS_DEPLOYMENT_TARGET = 16.2;
				MTL_ENABLE_DEBUG_INFO = NO;
				MTL_FAST_MATH = YES;
				SDKROOT = iphoneos;
				SWIFT_COMPILATION_MODE = wholemodule;
				SWIFT_OPTIMIZATION_LEVEL = "-O";
				VALIDATE_PRODUCT = YES;
			};
			name = Release;
		};
		B8B6FE3D295EC483001458D8 /* Debug */ = {
			isa = XCBuildConfiguration;
			buildSettings = {
				ASSETCATALOG_COMPILER_APPICON_NAME = AppIcon;
				ASSETCATALOG_COMPILER_GLOBAL_ACCENT_COLOR_NAME = AccentColor;
				CODE_SIGN_STYLE = Automatic;
				CURRENT_PROJECT_VERSION = 1;
				DEVELOPMENT_ASSET_PATHS = "\"Modern/Preview Content\"";
				DEVELOPMENT_TEAM = U4F2KFJUHF;
				ENABLE_PREVIEWS = YES;
				GENERATE_INFOPLIST_FILE = YES;
				INFOPLIST_KEY_UIApplicationSceneManifest_Generation = YES;
				INFOPLIST_KEY_UIApplicationSupportsIndirectInputEvents = YES;
				INFOPLIST_KEY_UILaunchScreen_Generation = YES;
				INFOPLIST_KEY_UISupportedInterfaceOrientations_iPad = "UIInterfaceOrientationPortrait UIInterfaceOrientationPortraitUpsideDown UIInterfaceOrientationLandscapeLeft UIInterfaceOrientationLandscapeRight";
				INFOPLIST_KEY_UISupportedInterfaceOrientations_iPhone = "UIInterfaceOrientationPortrait UIInterfaceOrientationLandscapeLeft UIInterfaceOrientationLandscapeRight";
				LD_RUNPATH_SEARCH_PATHS = (
					"$(inherited)",
					"@executable_path/Frameworks",
				);
				MARKETING_VERSION = 1.0;
				PRODUCT_BUNDLE_IDENTIFIER = com.twigcodes.demo.Modern;
				PRODUCT_NAME = "$(TARGET_NAME)";
				SWIFT_EMIT_LOC_STRINGS = YES;
				SWIFT_VERSION = 5.0;
				TARGETED_DEVICE_FAMILY = "1,2";
			};
			name = Debug;
		};
		B8B6FE3E295EC483001458D8 /* Release */ = {
			isa = XCBuildConfiguration;
			buildSettings = {
				ASSETCATALOG_COMPILER_APPICON_NAME = AppIcon;
				ASSETCATALOG_COMPILER_GLOBAL_ACCENT_COLOR_NAME = AccentColor;
				CODE_SIGN_STYLE = Automatic;
				CURRENT_PROJECT_VERSION = 1;
				DEVELOPMENT_ASSET_PATHS = "\"Modern/Preview Content\"";
				DEVELOPMENT_TEAM = U4F2KFJUHF;
				ENABLE_PREVIEWS = YES;
				GENERATE_INFOPLIST_FILE = YES;
				INFOPLIST_KEY_UIApplicationSceneManifest_Generation = YES;
				INFOPLIST_KEY_UIApplicationSupportsIndirectInputEvents = YES;
				INFOPLIST_KEY_UILaunchScreen_Generation = YES;
				INFOPLIST_KEY_UISupportedInterfaceOrientations_iPad = "UIInterfaceOrientationPortrait UIInterfaceOrientationPortraitUpsideDown UIInterfaceOrientationLandscapeLeft UIInterfaceOrientationLandscapeRight";
				INFOPLIST_KEY_UISupportedInterfaceOrientations_iPhone = "UIInterfaceOrientationPortrait UIInterfaceOrientationLandscapeLeft UIInterfaceOrientationLandscapeRight";
				LD_RUNPATH_SEARCH_PATHS = (
					"$(inherited)",
					"@executable_path/Frameworks",
				);
				MARKETING_VERSION = 1.0;
				PRODUCT_BUNDLE_IDENTIFIER = com.twigcodes.demo.Modern;
				PRODUCT_NAME = "$(TARGET_NAME)";
				SWIFT_EMIT_LOC_STRINGS = YES;
				SWIFT_VERSION = 5.0;
				TARGETED_DEVICE_FAMILY = "1,2";
			};
			name = Release;
		};
		B8B6FE40295EC483001458D8 /* Debug */ = {
			isa = XCBuildConfiguration;
			buildSettings = {
				ALWAYS_EMBED_SWIFT_STANDARD_LIBRARIES = YES;
				BUNDLE_LOADER = "$(TEST_HOST)";
				CODE_SIGN_STYLE = Automatic;
				CURRENT_PROJECT_VERSION = 1;
				DEVELOPMENT_TEAM = U4F2KFJUHF;
				GENERATE_INFOPLIST_FILE = YES;
				IPHONEOS_DEPLOYMENT_TARGET = 16.2;
				MARKETING_VERSION = 1.0;
				PRODUCT_BUNDLE_IDENTIFIER = com.twigcodes.demo.ModernTests;
				PRODUCT_NAME = "$(TARGET_NAME)";
				SWIFT_EMIT_LOC_STRINGS = NO;
				SWIFT_VERSION = 5.0;
				TARGETED_DEVICE_FAMILY = "1,2";
				TEST_HOST = "$(BUILT_PRODUCTS_DIR)/Modern.app/$(BUNDLE_EXECUTABLE_FOLDER_PATH)/Modern";
			};
			name = Debug;
		};
		B8B6FE41295EC483001458D8 /* Release */ = {
			isa = XCBuildConfiguration;
			buildSettings = {
				ALWAYS_EMBED_SWIFT_STANDARD_LIBRARIES = YES;
				BUNDLE_LOADER = "$(TEST_HOST)";
				CODE_SIGN_STYLE = Automatic;
				CURRENT_PROJECT_VERSION = 1;
				DEVELOPMENT_TEAM = U4F2KFJUHF;
				GENERATE_INFOPLIST_FILE = YES;
				IPHONEOS_DEPLOYMENT_TARGET = 16.2;
				MARKETING_VERSION = 1.0;
				PRODUCT_BUNDLE_IDENTIFIER = com.twigcodes.demo.ModernTests;
				PRODUCT_NAME = "$(TARGET_NAME)";
				SWIFT_EMIT_LOC_STRINGS = NO;
				SWIFT_VERSION = 5.0;
				TARGETED_DEVICE_FAMILY = "1,2";
				TEST_HOST = "$(BUILT_PRODUCTS_DIR)/Modern.app/$(BUNDLE_EXECUTABLE_FOLDER_PATH)/Modern";
			};
			name = Release;
		};
		B8B6FE43295EC483001458D8 /* Debug */ = {
			isa = XCBuildConfiguration;
			buildSettings = {
				ALWAYS_EMBED_SWIFT_STANDARD_LIBRARIES = YES;
				CODE_SIGN_STYLE = Automatic;
				CURRENT_PROJECT_VERSION = 1;
				DEVELOPMENT_TEAM = U4F2KFJUHF;
				GENERATE_INFOPLIST_FILE = YES;
				MARKETING_VERSION = 1.0;
				PRODUCT_BUNDLE_IDENTIFIER = com.twigcodes.demo.ModernUITests;
				PRODUCT_NAME = "$(TARGET_NAME)";
				SWIFT_EMIT_LOC_STRINGS = NO;
				SWIFT_VERSION = 5.0;
				TARGETED_DEVICE_FAMILY = "1,2";
				TEST_TARGET_NAME = Modern;
			};
			name = Debug;
		};
		B8B6FE44295EC483001458D8 /* Release */ = {
			isa = XCBuildConfiguration;
			buildSettings = {
				ALWAYS_EMBED_SWIFT_STANDARD_LIBRARIES = YES;
				CODE_SIGN_STYLE = Automatic;
				CURRENT_PROJECT_VERSION = 1;
				DEVELOPMENT_TEAM = U4F2KFJUHF;
				GENERATE_INFOPLIST_FILE = YES;
				MARKETING_VERSION = 1.0;
				PRODUCT_BUNDLE_IDENTIFIER = com.twigcodes.demo.ModernUITests;
				PRODUCT_NAME = "$(TARGET_NAME)";
				SWIFT_EMIT_LOC_STRINGS = NO;
				SWIFT_VERSION = 5.0;
				TARGETED_DEVICE_FAMILY = "1,2";
				TEST_TARGET_NAME = Modern;
			};
			name = Release;
		};
/* End XCBuildConfiguration section */

/* Begin XCConfigurationList section */
		B8B6FE13295EC482001458D8 /* Build configuration list for PBXProject "Modern" */ = {
			isa = XCConfigurationList;
			buildConfigurations = (
				B8B6FE3A295EC483001458D8 /* Debug */,
				B8B6FE3B295EC483001458D8 /* Release */,
			);
			defaultConfigurationIsVisible = 0;
			defaultConfigurationName = Release;
		};
		B8B6FE3C295EC483001458D8 /* Build configuration list for PBXNativeTarget "Modern" */ = {
			isa = XCConfigurationList;
			buildConfigurations = (
				B8B6FE3D295EC483001458D8 /* Debug */,
				B8B6FE3E295EC483001458D8 /* Release */,
			);
			defaultConfigurationIsVisible = 0;
			defaultConfigurationName = Release;
		};
		B8B6FE3F295EC483001458D8 /* Build configuration list for PBXNativeTarget "ModernTests" */ = {
			isa = XCConfigurationList;
			buildConfigurations = (
				B8B6FE40295EC483001458D8 /* Debug */,
				B8B6FE41295EC483001458D8 /* Release */,
			);
			defaultConfigurationIsVisible = 0;
			defaultConfigurationName = Release;
		};
		B8B6FE42295EC483001458D8 /* Build configuration list for PBXNativeTarget "ModernUITests" */ = {
			isa = XCConfigurationList;
			buildConfigurations = (
				B8B6FE43295EC483001458D8 /* Debug */,
				B8B6FE44295EC483001458D8 /* Release */,
			);
			defaultConfigurationIsVisible = 0;
			defaultConfigurationName = Release;
		};
/* End XCConfigurationList section */
	};
	rootObject = B8B6FE10295EC482001458D8 /* Project object */;
}
